// !$*UTF8*$!
{
	archiveVersion = 1;
	classes = {
	};
	objectVersion = 46;
	objects = {

/* Begin PBXBuildFile section */
		8F1071D11BE81F10003B3C3F /* VROView.mm in Sources */ = {isa = PBXBuildFile; fileRef = 8F1071D01BE81F10003B3C3F /* VROView.mm */; };
		8F1071D31BF40FAF003B3C3F /* momentslogo.png in Resources */ = {isa = PBXBuildFile; fileRef = 8F1071D21BF40FAF003B3C3F /* momentslogo.png */; };
		8F1071D71BF41791003B3C3F /* VROCrossLayout.cpp in Sources */ = {isa = PBXBuildFile; fileRef = 8F1071D51BF41791003B3C3F /* VROCrossLayout.cpp */; };
		8F1071DB1BF67F34003B3C3F /* VROCamera.cpp in Sources */ = {isa = PBXBuildFile; fileRef = 8F1071D91BF67F34003B3C3F /* VROCamera.cpp */; };
		8F1071DE1BF6800B003B3C3F /* VRORenderer.cpp in Sources */ = {isa = PBXBuildFile; fileRef = 8F1071DC1BF6800B003B3C3F /* VRORenderer.cpp */; };
		8F1071E11BF6A0C8003B3C3F /* VROObject.cpp in Sources */ = {isa = PBXBuildFile; fileRef = 8F1071DF1BF6A0C8003B3C3F /* VROObject.cpp */; };
		8F1071EA1BF7D9C5003B3C3F /* VROVector3d.cpp in Sources */ = {isa = PBXBuildFile; fileRef = 8F1071E51BF7D9C5003B3C3F /* VROVector3d.cpp */; };
		8F1071EB1BF7D9C5003B3C3F /* VROVector3f.cpp in Sources */ = {isa = PBXBuildFile; fileRef = 8F1071E71BF7D9C5003B3C3F /* VROVector3f.cpp */; };
		8F1071F01BF7DECD003B3C3F /* VROMatrix4d.cpp in Sources */ = {isa = PBXBuildFile; fileRef = 8F1071EC1BF7DECD003B3C3F /* VROMatrix4d.cpp */; };
		8F1071F11BF7DECD003B3C3F /* VROMatrix4f.cpp in Sources */ = {isa = PBXBuildFile; fileRef = 8F1071EE1BF7DECD003B3C3F /* VROMatrix4f.cpp */; };
		8F152A6F1C0D77AA00A211F8 /* VROVector4f.cpp in Sources */ = {isa = PBXBuildFile; fileRef = 8F152A6D1C0D77AA00A211F8 /* VROVector4f.cpp */; };
		8F152A721C0D7A5A00A211F8 /* VROMetalUtils.cpp in Sources */ = {isa = PBXBuildFile; fileRef = 8F152A701C0D7A5A00A211F8 /* VROMetalUtils.cpp */; };
		8F152A751C0F424900A211F8 /* VRORendererMetal.cpp in Sources */ = {isa = PBXBuildFile; fileRef = 8F152A731C0F424900A211F8 /* VRORendererMetal.cpp */; };
		8F152A781C10D36700A211F8 /* VROBox.cpp in Sources */ = {isa = PBXBuildFile; fileRef = 8F152A761C10D36700A211F8 /* VROBox.cpp */; };
		8F152A7B1C10D4AE00A211F8 /* VROShapeUtils.cpp in Sources */ = {isa = PBXBuildFile; fileRef = 8F152A791C10D4AE00A211F8 /* VROShapeUtils.cpp */; };
		8F152A7D1C11351D00A211F8 /* blank.png in Resources */ = {isa = PBXBuildFile; fileRef = 8F152A7C1C11351D00A211F8 /* blank.png */; };
		8F152A801C121A0E00A211F8 /* VROTextureSubstrate.cpp in Sources */ = {isa = PBXBuildFile; fileRef = 8F152A7E1C121A0E00A211F8 /* VROTextureSubstrate.cpp */; };
		8F152A841C121A5600A211F8 /* VROTextureSubstrateMetal.cpp in Sources */ = {isa = PBXBuildFile; fileRef = 8F152A821C121A5500A211F8 /* VROTextureSubstrateMetal.cpp */; };
		8F4CA0021BDAE10C00177B8F /* VROScreen.cpp in Sources */ = {isa = PBXBuildFile; fileRef = 8F4CA0011BDAE10C00177B8F /* VROScreen.cpp */; };
		8F4DCE211BF7EAF900061DD7 /* VROPlane.cpp in Sources */ = {isa = PBXBuildFile; fileRef = 8F4DCE1F1BF7EAF900061DD7 /* VROPlane.cpp */; };
		8F4DCE241BF7ECC800061DD7 /* VROFrustumPlane.cpp in Sources */ = {isa = PBXBuildFile; fileRef = 8F4DCE221BF7ECC800061DD7 /* VROFrustumPlane.cpp */; };
		8F4DCE271BF7ED1A00061DD7 /* VROBoundingBox.cpp in Sources */ = {isa = PBXBuildFile; fileRef = 8F4DCE251BF7ED1A00061DD7 /* VROBoundingBox.cpp */; };
		8F4DCE2A1BF8318100061DD7 /* VROFrustum.cpp in Sources */ = {isa = PBXBuildFile; fileRef = 8F4DCE281BF8318100061DD7 /* VROFrustum.cpp */; };
		8F4DCE2D1BF9261600061DD7 /* VRONode.cpp in Sources */ = {isa = PBXBuildFile; fileRef = 8F4DCE2B1BF9261600061DD7 /* VRONode.cpp */; };
		8F4DCE311BFBAA8B00061DD7 /* VROGeometry.cpp in Sources */ = {isa = PBXBuildFile; fileRef = 8F4DCE2F1BFBAA8B00061DD7 /* VROGeometry.cpp */; };
		8F4DCE341BFBCB5400061DD7 /* VROMaterial.cpp in Sources */ = {isa = PBXBuildFile; fileRef = 8F4DCE321BFBCB5400061DD7 /* VROMaterial.cpp */; };
		8F4DCE371BFBCB8200061DD7 /* VROTexture.cpp in Sources */ = {isa = PBXBuildFile; fileRef = 8F4DCE351BFBCB8200061DD7 /* VROTexture.cpp */; };
		8F4DCE3A1BFBD19B00061DD7 /* VROMaterialVisual.cpp in Sources */ = {isa = PBXBuildFile; fileRef = 8F4DCE381BFBD19B00061DD7 /* VROMaterialVisual.cpp */; };
		8F4DCE3D1BFBE54200061DD7 /* VROGeometryElement.cpp in Sources */ = {isa = PBXBuildFile; fileRef = 8F4DCE3B1BFBE54200061DD7 /* VROGeometryElement.cpp */; };
		8F4DCE401BFBE97600061DD7 /* VROGeometrySource.cpp in Sources */ = {isa = PBXBuildFile; fileRef = 8F4DCE3E1BFBE97600061DD7 /* VROGeometrySource.cpp */; };
		8F4DCE431BFBECC400061DD7 /* VROData.cpp in Sources */ = {isa = PBXBuildFile; fileRef = 8F4DCE411BFBECC400061DD7 /* VROData.cpp */; };
		8F4DCE4E1BFD625900061DD7 /* VROGeometrySubstrate.cpp in Sources */ = {isa = PBXBuildFile; fileRef = 8F4DCE4C1BFD625900061DD7 /* VROGeometrySubstrate.cpp */; };
		8F4DCE511BFD628A00061DD7 /* VROGeometrySubstrateMetal.cpp in Sources */ = {isa = PBXBuildFile; fileRef = 8F4DCE4F1BFD628A00061DD7 /* VROGeometrySubstrateMetal.cpp */; };
		8F517BBB1BCDA2BD0017C70B /* main.m in Sources */ = {isa = PBXBuildFile; fileRef = 8F517BBA1BCDA2BD0017C70B /* main.m */; };
		8F517BBE1BCDA2BD0017C70B /* AppDelegate.m in Sources */ = {isa = PBXBuildFile; fileRef = 8F517BBD1BCDA2BD0017C70B /* AppDelegate.m */; };
		8F517BC11BCDA2BD0017C70B /* GameViewController.m in Sources */ = {isa = PBXBuildFile; fileRef = 8F517BC01BCDA2BD0017C70B /* GameViewController.m */; };
		8F517BC31BCDA2BD0017C70B /* Shaders.metal in Sources */ = {isa = PBXBuildFile; fileRef = 8F517BC21BCDA2BD0017C70B /* Shaders.metal */; };
		8F517BC71BCDA2BD0017C70B /* Main.storyboard in Resources */ = {isa = PBXBuildFile; fileRef = 8F517BC51BCDA2BD0017C70B /* Main.storyboard */; };
		8F517BC91BCDA2BD0017C70B /* Assets.xcassets in Resources */ = {isa = PBXBuildFile; fileRef = 8F517BC81BCDA2BD0017C70B /* Assets.xcassets */; };
		8F517BCC1BCDA2BD0017C70B /* LaunchScreen.storyboard in Resources */ = {isa = PBXBuildFile; fileRef = 8F517BCA1BCDA2BD0017C70B /* LaunchScreen.storyboard */; };
		8F517BD71BCDA2BE0017C70B /* ViroRendererTests.m in Sources */ = {isa = PBXBuildFile; fileRef = 8F517BD61BCDA2BE0017C70B /* ViroRendererTests.m */; };
		8F517BE21BCDA2BE0017C70B /* ViroRendererUITests.m in Sources */ = {isa = PBXBuildFile; fileRef = 8F517BE11BCDA2BE0017C70B /* ViroRendererUITests.m */; };
		8F517BF21BCDBA8C0017C70B /* VROLayer.cpp in Sources */ = {isa = PBXBuildFile; fileRef = 8F517BF01BCDBA8C0017C70B /* VROLayer.cpp */; };
		8F517C401BCF1C320017C70B /* Metal.framework in Frameworks */ = {isa = PBXBuildFile; fileRef = 8F517BF41BCDBF140017C70B /* Metal.framework */; };
		8F517C411BCF1C320017C70B /* MetalKit.framework in Frameworks */ = {isa = PBXBuildFile; fileRef = 8F517BF51BCDBF140017C70B /* MetalKit.framework */; };
		8F517C431BCF1CBE0017C70B /* ModelIO.framework in Frameworks */ = {isa = PBXBuildFile; fileRef = 8F517C421BCF1CBE0017C70B /* ModelIO.framework */; };
		8F517C471BD0474E0017C70B /* VROMath.cpp in Sources */ = {isa = PBXBuildFile; fileRef = 8F517C451BD0474E0017C70B /* VROMath.cpp */; };
		8F5C413B1BD05AD1006D7A77 /* VRORect.cpp in Sources */ = {isa = PBXBuildFile; fileRef = 8F5C413A1BD05AD1006D7A77 /* VRORect.cpp */; };
		8F5C413E1BD56F98006D7A77 /* VROScene.cpp in Sources */ = {isa = PBXBuildFile; fileRef = 8F5C413C1BD56F98006D7A77 /* VROScene.cpp */; };
		8F5C41411BD72707006D7A77 /* VROLayerSubstrate.cpp in Sources */ = {isa = PBXBuildFile; fileRef = 8F5C413F1BD72707006D7A77 /* VROLayerSubstrate.cpp */; };
		8F5C41441BD7277F006D7A77 /* VROLayerSubstrateMetal.cpp in Sources */ = {isa = PBXBuildFile; fileRef = 8F5C41421BD7277F006D7A77 /* VROLayerSubstrateMetal.cpp */; };
		8F5C41471BD800F8006D7A77 /* VROPresentationLayer.cpp in Sources */ = {isa = PBXBuildFile; fileRef = 8F5C41451BD800F8006D7A77 /* VROPresentationLayer.cpp */; };
		8F5C414E1BD825B1006D7A77 /* VROByteBuffer.cpp in Sources */ = {isa = PBXBuildFile; fileRef = 8F5C414C1BD825B1006D7A77 /* VROByteBuffer.cpp */; };
		8F5C41511BD8262D006D7A77 /* VROLog.cpp in Sources */ = {isa = PBXBuildFile; fileRef = 8F5C414F1BD8262D006D7A77 /* VROLog.cpp */; };
		8F5C41551BD82C1B006D7A77 /* boba.png in Resources */ = {isa = PBXBuildFile; fileRef = 8F5C41541BD82C1B006D7A77 /* boba.png */; };
		8F5C41581BD8300E006D7A77 /* VROImageUtil.cpp in Sources */ = {isa = PBXBuildFile; fileRef = 8F5C41561BD8300E006D7A77 /* VROImageUtil.cpp */; };
		8F62482F1BDAACA4000755E5 /* VROViewController.mm in Sources */ = {isa = PBXBuildFile; fileRef = 8F62482E1BDAACA4000755E5 /* VROViewController.mm */; };
		8F62483B1BDABD81000755E5 /* VROFieldOfView.h in Sources */ = {isa = PBXBuildFile; fileRef = 8F6248391BDABD81000755E5 /* VROFieldOfView.h */; };
		8F63186A1BD956AF000A75DF /* VROAnimation.cpp in Sources */ = {isa = PBXBuildFile; fileRef = 8F6318681BD956AF000A75DF /* VROAnimation.cpp */; };
		8F63186D1BD95EA6000A75DF /* VROTime.cpp in Sources */ = {isa = PBXBuildFile; fileRef = 8F63186B1BD95EA6000A75DF /* VROTime.cpp */; };
		8FD4DE9E1C16432B003DC425 /* VROLight.cpp in Sources */ = {isa = PBXBuildFile; fileRef = 8FD4DE9C1C16432B003DC425 /* VROLight.cpp */; };
		8FDFA8961BDAEAB000883EC0 /* VRODistortionRenderer.cpp in Sources */ = {isa = PBXBuildFile; fileRef = 8FDFA8941BDAEAB000883EC0 /* VRODistortionRenderer.cpp */; };
		8FDFA89C1BDEA19C00883EC0 /* VROHeadTracker.cpp in Sources */ = {isa = PBXBuildFile; fileRef = 8FDFA8991BDEA19C00883EC0 /* VROHeadTracker.cpp */; };
		8FDFA89D1BDEA19C00883EC0 /* VROMagnetSensor.cpp in Sources */ = {isa = PBXBuildFile; fileRef = 8FDFA89B1BDEA19C00883EC0 /* VROMagnetSensor.cpp */; };
		8FDFA8A61BDEA7F800883EC0 /* Matrix3x3d.mm in Sources */ = {isa = PBXBuildFile; fileRef = 8FDFA89F1BDEA7F800883EC0 /* Matrix3x3d.mm */; };
		8FDFA8A71BDEA7F800883EC0 /* OrientationEKF.mm in Sources */ = {isa = PBXBuildFile; fileRef = 8FDFA8A11BDEA7F800883EC0 /* OrientationEKF.mm */; };
		8FDFA8A81BDEA7F800883EC0 /* SO3Util.mm in Sources */ = {isa = PBXBuildFile; fileRef = 8FDFA8A31BDEA7F800883EC0 /* SO3Util.mm */; };
		8FDFA8A91BDEA7F800883EC0 /* Vector3d.mm in Sources */ = {isa = PBXBuildFile; fileRef = 8FDFA8A51BDEA7F800883EC0 /* Vector3d.mm */; };
		8FDFA8AB1BDEC32700883EC0 /* GLKit.framework in Frameworks */ = {isa = PBXBuildFile; fileRef = 8FDFA8AA1BDEC32700883EC0 /* GLKit.framework */; };
		8FDFA8AD1BDEC34C00883EC0 /* CoreMotion.framework in Frameworks */ = {isa = PBXBuildFile; fileRef = 8FDFA8AC1BDEC34C00883EC0 /* CoreMotion.framework */; };
		8FEA6C9A1BE2BA7700C2CD0F /* VRODistortionMesh.cpp in Sources */ = {isa = PBXBuildFile; fileRef = 8FEA6C981BE2BA7700C2CD0F /* VRODistortionMesh.cpp */; };
		8FF4D7A91C0D45DA006D6157 /* VROMaterialSubstrateMetal.cpp in Sources */ = {isa = PBXBuildFile; fileRef = 8FF4D7A71C0D45DA006D6157 /* VROMaterialSubstrateMetal.cpp */; };
/* End PBXBuildFile section */

/* Begin PBXContainerItemProxy section */
		8F517BD31BCDA2BD0017C70B /* PBXContainerItemProxy */ = {
			isa = PBXContainerItemProxy;
			containerPortal = 8F517BAE1BCDA2BD0017C70B /* Project object */;
			proxyType = 1;
			remoteGlobalIDString = 8F517BB51BCDA2BD0017C70B;
			remoteInfo = ViroRenderer;
		};
		8F517BDE1BCDA2BE0017C70B /* PBXContainerItemProxy */ = {
			isa = PBXContainerItemProxy;
			containerPortal = 8F517BAE1BCDA2BD0017C70B /* Project object */;
			proxyType = 1;
			remoteGlobalIDString = 8F517BB51BCDA2BD0017C70B;
			remoteInfo = ViroRenderer;
		};
/* End PBXContainerItemProxy section */

/* Begin PBXFileReference section */
		8F1071CF1BE81F10003B3C3F /* VROView.h */ = {isa = PBXFileReference; fileEncoding = 4; lastKnownFileType = sourcecode.c.h; path = VROView.h; sourceTree = "<group>"; };
		8F1071D01BE81F10003B3C3F /* VROView.mm */ = {isa = PBXFileReference; fileEncoding = 4; lastKnownFileType = sourcecode.cpp.objcpp; path = VROView.mm; sourceTree = "<group>"; };
		8F1071D21BF40FAF003B3C3F /* momentslogo.png */ = {isa = PBXFileReference; lastKnownFileType = image.png; path = momentslogo.png; sourceTree = "<group>"; };
		8F1071D51BF41791003B3C3F /* VROCrossLayout.cpp */ = {isa = PBXFileReference; explicitFileType = sourcecode.cpp.objcpp; fileEncoding = 4; path = VROCrossLayout.cpp; sourceTree = "<group>"; };
		8F1071D61BF41791003B3C3F /* VROCrossLayout.h */ = {isa = PBXFileReference; fileEncoding = 4; lastKnownFileType = sourcecode.c.h; path = VROCrossLayout.h; sourceTree = "<group>"; };
		8F1071D91BF67F34003B3C3F /* VROCamera.cpp */ = {isa = PBXFileReference; explicitFileType = sourcecode.cpp.objcpp; fileEncoding = 4; path = VROCamera.cpp; sourceTree = "<group>"; };
		8F1071DA1BF67F34003B3C3F /* VROCamera.h */ = {isa = PBXFileReference; fileEncoding = 4; lastKnownFileType = sourcecode.c.h; path = VROCamera.h; sourceTree = "<group>"; };
		8F1071DC1BF6800B003B3C3F /* VRORenderer.cpp */ = {isa = PBXFileReference; explicitFileType = sourcecode.cpp.objcpp; fileEncoding = 4; path = VRORenderer.cpp; sourceTree = "<group>"; };
		8F1071DD1BF6800B003B3C3F /* VRORenderer.h */ = {isa = PBXFileReference; fileEncoding = 4; lastKnownFileType = sourcecode.c.h; path = VRORenderer.h; sourceTree = "<group>"; };
		8F1071DF1BF6A0C8003B3C3F /* VROObject.cpp */ = {isa = PBXFileReference; explicitFileType = sourcecode.cpp.objcpp; fileEncoding = 4; path = VROObject.cpp; sourceTree = "<group>"; };
		8F1071E01BF6A0C8003B3C3F /* VROObject.h */ = {isa = PBXFileReference; fileEncoding = 4; lastKnownFileType = sourcecode.c.h; path = VROObject.h; sourceTree = "<group>"; };
		8F1071E51BF7D9C5003B3C3F /* VROVector3d.cpp */ = {isa = PBXFileReference; explicitFileType = sourcecode.cpp.objcpp; fileEncoding = 4; path = VROVector3d.cpp; sourceTree = "<group>"; };
		8F1071E61BF7D9C5003B3C3F /* VROVector3d.h */ = {isa = PBXFileReference; fileEncoding = 4; lastKnownFileType = sourcecode.c.h; path = VROVector3d.h; sourceTree = "<group>"; };
		8F1071E71BF7D9C5003B3C3F /* VROVector3f.cpp */ = {isa = PBXFileReference; explicitFileType = sourcecode.cpp.objcpp; fileEncoding = 4; path = VROVector3f.cpp; sourceTree = "<group>"; };
		8F1071E81BF7D9C5003B3C3F /* VROVector3f.h */ = {isa = PBXFileReference; fileEncoding = 4; lastKnownFileType = sourcecode.c.h; path = VROVector3f.h; sourceTree = "<group>"; };
		8F1071EC1BF7DECD003B3C3F /* VROMatrix4d.cpp */ = {isa = PBXFileReference; explicitFileType = sourcecode.cpp.objcpp; fileEncoding = 4; path = VROMatrix4d.cpp; sourceTree = "<group>"; };
		8F1071ED1BF7DECD003B3C3F /* VROMatrix4d.h */ = {isa = PBXFileReference; fileEncoding = 4; lastKnownFileType = sourcecode.c.h; path = VROMatrix4d.h; sourceTree = "<group>"; };
		8F1071EE1BF7DECD003B3C3F /* VROMatrix4f.cpp */ = {isa = PBXFileReference; explicitFileType = sourcecode.cpp.objcpp; fileEncoding = 4; path = VROMatrix4f.cpp; sourceTree = "<group>"; };
		8F1071EF1BF7DECD003B3C3F /* VROMatrix4f.h */ = {isa = PBXFileReference; fileEncoding = 4; lastKnownFileType = sourcecode.c.h; path = VROMatrix4f.h; sourceTree = "<group>"; };
		8F152A6D1C0D77AA00A211F8 /* VROVector4f.cpp */ = {isa = PBXFileReference; explicitFileType = sourcecode.cpp.objcpp; fileEncoding = 4; path = VROVector4f.cpp; sourceTree = "<group>"; };
		8F152A6E1C0D77AA00A211F8 /* VROVector4f.h */ = {isa = PBXFileReference; fileEncoding = 4; lastKnownFileType = sourcecode.c.h; path = VROVector4f.h; sourceTree = "<group>"; };
		8F152A701C0D7A5A00A211F8 /* VROMetalUtils.cpp */ = {isa = PBXFileReference; explicitFileType = sourcecode.cpp.objcpp; fileEncoding = 4; path = VROMetalUtils.cpp; sourceTree = "<group>"; };
		8F152A711C0D7A5A00A211F8 /* VROMetalUtils.h */ = {isa = PBXFileReference; fileEncoding = 4; lastKnownFileType = sourcecode.c.h; path = VROMetalUtils.h; sourceTree = "<group>"; };
		8F152A731C0F424900A211F8 /* VRORendererMetal.cpp */ = {isa = PBXFileReference; fileEncoding = 4; lastKnownFileType = sourcecode.cpp.cpp; path = VRORendererMetal.cpp; sourceTree = "<group>"; };
		8F152A741C0F424900A211F8 /* VRORendererMetal.h */ = {isa = PBXFileReference; fileEncoding = 4; lastKnownFileType = sourcecode.c.h; path = VRORendererMetal.h; sourceTree = "<group>"; };
		8F152A761C10D36700A211F8 /* VROBox.cpp */ = {isa = PBXFileReference; explicitFileType = sourcecode.cpp.objcpp; fileEncoding = 4; path = VROBox.cpp; sourceTree = "<group>"; };
		8F152A771C10D36700A211F8 /* VROBox.h */ = {isa = PBXFileReference; fileEncoding = 4; lastKnownFileType = sourcecode.c.h; path = VROBox.h; sourceTree = "<group>"; };
		8F152A791C10D4AE00A211F8 /* VROShapeUtils.cpp */ = {isa = PBXFileReference; fileEncoding = 4; lastKnownFileType = sourcecode.cpp.cpp; path = VROShapeUtils.cpp; sourceTree = "<group>"; };
		8F152A7A1C10D4AE00A211F8 /* VROShapeUtils.h */ = {isa = PBXFileReference; fileEncoding = 4; lastKnownFileType = sourcecode.c.h; path = VROShapeUtils.h; sourceTree = "<group>"; };
		8F152A7C1C11351D00A211F8 /* blank.png */ = {isa = PBXFileReference; lastKnownFileType = image.png; path = blank.png; sourceTree = "<group>"; };
		8F152A7E1C121A0E00A211F8 /* VROTextureSubstrate.cpp */ = {isa = PBXFileReference; fileEncoding = 4; lastKnownFileType = sourcecode.cpp.cpp; path = VROTextureSubstrate.cpp; sourceTree = "<group>"; };
		8F152A7F1C121A0E00A211F8 /* VROTextureSubstrate.h */ = {isa = PBXFileReference; fileEncoding = 4; lastKnownFileType = sourcecode.c.h; path = VROTextureSubstrate.h; sourceTree = "<group>"; };
		8F152A821C121A5500A211F8 /* VROTextureSubstrateMetal.cpp */ = {isa = PBXFileReference; explicitFileType = sourcecode.cpp.objcpp; fileEncoding = 4; path = VROTextureSubstrateMetal.cpp; sourceTree = "<group>"; };
		8F152A831C121A5500A211F8 /* VROTextureSubstrateMetal.h */ = {isa = PBXFileReference; fileEncoding = 4; lastKnownFileType = sourcecode.c.h; path = VROTextureSubstrateMetal.h; sourceTree = "<group>"; };
		8F4C9FFF1BDAE06A00177B8F /* VROScreen.h */ = {isa = PBXFileReference; fileEncoding = 4; lastKnownFileType = sourcecode.c.h; path = VROScreen.h; sourceTree = "<group>"; };
		8F4CA0011BDAE10C00177B8F /* VROScreen.cpp */ = {isa = PBXFileReference; explicitFileType = sourcecode.cpp.objcpp; fileEncoding = 4; path = VROScreen.cpp; sourceTree = "<group>"; };
		8F4DCE1F1BF7EAF900061DD7 /* VROPlane.cpp */ = {isa = PBXFileReference; explicitFileType = sourcecode.cpp.objcpp; fileEncoding = 4; path = VROPlane.cpp; sourceTree = "<group>"; };
		8F4DCE201BF7EAF900061DD7 /* VROPlane.h */ = {isa = PBXFileReference; fileEncoding = 4; lastKnownFileType = sourcecode.c.h; path = VROPlane.h; sourceTree = "<group>"; };
		8F4DCE221BF7ECC800061DD7 /* VROFrustumPlane.cpp */ = {isa = PBXFileReference; explicitFileType = sourcecode.cpp.objcpp; fileEncoding = 4; path = VROFrustumPlane.cpp; sourceTree = "<group>"; };
		8F4DCE231BF7ECC800061DD7 /* VROFrustumPlane.h */ = {isa = PBXFileReference; fileEncoding = 4; lastKnownFileType = sourcecode.c.h; path = VROFrustumPlane.h; sourceTree = "<group>"; };
		8F4DCE251BF7ED1A00061DD7 /* VROBoundingBox.cpp */ = {isa = PBXFileReference; fileEncoding = 4; lastKnownFileType = sourcecode.cpp.cpp; path = VROBoundingBox.cpp; sourceTree = "<group>"; };
		8F4DCE261BF7ED1A00061DD7 /* VROBoundingBox.h */ = {isa = PBXFileReference; fileEncoding = 4; lastKnownFileType = sourcecode.c.h; path = VROBoundingBox.h; sourceTree = "<group>"; };
		8F4DCE281BF8318100061DD7 /* VROFrustum.cpp */ = {isa = PBXFileReference; explicitFileType = sourcecode.cpp.objcpp; fileEncoding = 4; path = VROFrustum.cpp; sourceTree = "<group>"; };
		8F4DCE291BF8318100061DD7 /* VROFrustum.h */ = {isa = PBXFileReference; fileEncoding = 4; lastKnownFileType = sourcecode.c.h; path = VROFrustum.h; sourceTree = "<group>"; };
		8F4DCE2B1BF9261600061DD7 /* VRONode.cpp */ = {isa = PBXFileReference; explicitFileType = sourcecode.cpp.objcpp; fileEncoding = 4; path = VRONode.cpp; sourceTree = "<group>"; };
		8F4DCE2C1BF9261600061DD7 /* VRONode.h */ = {isa = PBXFileReference; fileEncoding = 4; lastKnownFileType = sourcecode.c.h; path = VRONode.h; sourceTree = "<group>"; };
		8F4DCE2E1BFA8D5D00061DD7 /* VROQuaternion.h */ = {isa = PBXFileReference; lastKnownFileType = sourcecode.c.h; path = VROQuaternion.h; sourceTree = "<group>"; };
		8F4DCE2F1BFBAA8B00061DD7 /* VROGeometry.cpp */ = {isa = PBXFileReference; explicitFileType = sourcecode.cpp.objcpp; fileEncoding = 4; path = VROGeometry.cpp; sourceTree = "<group>"; };
		8F4DCE301BFBAA8B00061DD7 /* VROGeometry.h */ = {isa = PBXFileReference; fileEncoding = 4; lastKnownFileType = sourcecode.c.h; path = VROGeometry.h; sourceTree = "<group>"; };
		8F4DCE321BFBCB5400061DD7 /* VROMaterial.cpp */ = {isa = PBXFileReference; explicitFileType = sourcecode.cpp.objcpp; fileEncoding = 4; path = VROMaterial.cpp; sourceTree = "<group>"; };
		8F4DCE331BFBCB5400061DD7 /* VROMaterial.h */ = {isa = PBXFileReference; fileEncoding = 4; lastKnownFileType = sourcecode.c.h; path = VROMaterial.h; sourceTree = "<group>"; };
		8F4DCE351BFBCB8200061DD7 /* VROTexture.cpp */ = {isa = PBXFileReference; explicitFileType = sourcecode.cpp.objcpp; fileEncoding = 4; path = VROTexture.cpp; sourceTree = "<group>"; };
		8F4DCE361BFBCB8200061DD7 /* VROTexture.h */ = {isa = PBXFileReference; fileEncoding = 4; lastKnownFileType = sourcecode.c.h; path = VROTexture.h; sourceTree = "<group>"; };
		8F4DCE381BFBD19B00061DD7 /* VROMaterialVisual.cpp */ = {isa = PBXFileReference; explicitFileType = sourcecode.cpp.objcpp; fileEncoding = 4; path = VROMaterialVisual.cpp; sourceTree = "<group>"; };
		8F4DCE391BFBD19B00061DD7 /* VROMaterialVisual.h */ = {isa = PBXFileReference; fileEncoding = 4; lastKnownFileType = sourcecode.c.h; path = VROMaterialVisual.h; sourceTree = "<group>"; };
		8F4DCE3B1BFBE54200061DD7 /* VROGeometryElement.cpp */ = {isa = PBXFileReference; fileEncoding = 4; lastKnownFileType = sourcecode.cpp.cpp; path = VROGeometryElement.cpp; sourceTree = "<group>"; };
		8F4DCE3C1BFBE54200061DD7 /* VROGeometryElement.h */ = {isa = PBXFileReference; fileEncoding = 4; lastKnownFileType = sourcecode.c.h; path = VROGeometryElement.h; sourceTree = "<group>"; };
		8F4DCE3E1BFBE97600061DD7 /* VROGeometrySource.cpp */ = {isa = PBXFileReference; fileEncoding = 4; lastKnownFileType = sourcecode.cpp.cpp; path = VROGeometrySource.cpp; sourceTree = "<group>"; };
		8F4DCE3F1BFBE97600061DD7 /* VROGeometrySource.h */ = {isa = PBXFileReference; fileEncoding = 4; lastKnownFileType = sourcecode.c.h; path = VROGeometrySource.h; sourceTree = "<group>"; };
		8F4DCE411BFBECC400061DD7 /* VROData.cpp */ = {isa = PBXFileReference; fileEncoding = 4; lastKnownFileType = sourcecode.cpp.cpp; path = VROData.cpp; sourceTree = "<group>"; };
		8F4DCE421BFBECC400061DD7 /* VROData.h */ = {isa = PBXFileReference; fileEncoding = 4; lastKnownFileType = sourcecode.c.h; path = VROData.h; sourceTree = "<group>"; };
		8F4DCE4C1BFD625900061DD7 /* VROGeometrySubstrate.cpp */ = {isa = PBXFileReference; explicitFileType = sourcecode.cpp.objcpp; fileEncoding = 4; path = VROGeometrySubstrate.cpp; sourceTree = "<group>"; };
		8F4DCE4D1BFD625900061DD7 /* VROGeometrySubstrate.h */ = {isa = PBXFileReference; fileEncoding = 4; lastKnownFileType = sourcecode.c.h; path = VROGeometrySubstrate.h; sourceTree = "<group>"; };
		8F4DCE4F1BFD628A00061DD7 /* VROGeometrySubstrateMetal.cpp */ = {isa = PBXFileReference; explicitFileType = sourcecode.cpp.objcpp; fileEncoding = 4; path = VROGeometrySubstrateMetal.cpp; sourceTree = "<group>"; };
		8F4DCE501BFD628A00061DD7 /* VROGeometrySubstrateMetal.h */ = {isa = PBXFileReference; fileEncoding = 4; lastKnownFileType = sourcecode.c.h; path = VROGeometrySubstrateMetal.h; sourceTree = "<group>"; };
		8F517BB61BCDA2BD0017C70B /* ViroRenderer.app */ = {isa = PBXFileReference; explicitFileType = wrapper.application; includeInIndex = 0; path = ViroRenderer.app; sourceTree = BUILT_PRODUCTS_DIR; };
		8F517BBA1BCDA2BD0017C70B /* main.m */ = {isa = PBXFileReference; lastKnownFileType = sourcecode.c.objc; path = main.m; sourceTree = "<group>"; };
		8F517BBC1BCDA2BD0017C70B /* AppDelegate.h */ = {isa = PBXFileReference; lastKnownFileType = sourcecode.c.h; path = AppDelegate.h; sourceTree = "<group>"; };
		8F517BBD1BCDA2BD0017C70B /* AppDelegate.m */ = {isa = PBXFileReference; lastKnownFileType = sourcecode.c.objc; path = AppDelegate.m; sourceTree = "<group>"; };
		8F517BBF1BCDA2BD0017C70B /* GameViewController.h */ = {isa = PBXFileReference; lastKnownFileType = sourcecode.c.h; path = GameViewController.h; sourceTree = "<group>"; };
		8F517BC01BCDA2BD0017C70B /* GameViewController.m */ = {isa = PBXFileReference; explicitFileType = sourcecode.cpp.objcpp; path = GameViewController.m; sourceTree = "<group>"; };
		8F517BC21BCDA2BD0017C70B /* Shaders.metal */ = {isa = PBXFileReference; lastKnownFileType = sourcecode.metal; path = Shaders.metal; sourceTree = "<group>"; };
		8F517BC41BCDA2BD0017C70B /* SharedStructures.h */ = {isa = PBXFileReference; lastKnownFileType = sourcecode.c.h; path = SharedStructures.h; sourceTree = "<group>"; };
		8F517BC61BCDA2BD0017C70B /* Base */ = {isa = PBXFileReference; lastKnownFileType = file.storyboard; name = Base; path = Base.lproj/Main.storyboard; sourceTree = "<group>"; };
		8F517BC81BCDA2BD0017C70B /* Assets.xcassets */ = {isa = PBXFileReference; lastKnownFileType = folder.assetcatalog; path = Assets.xcassets; sourceTree = "<group>"; };
		8F517BCB1BCDA2BD0017C70B /* Base */ = {isa = PBXFileReference; lastKnownFileType = file.storyboard; name = Base; path = Base.lproj/LaunchScreen.storyboard; sourceTree = "<group>"; };
		8F517BCD1BCDA2BD0017C70B /* Info.plist */ = {isa = PBXFileReference; lastKnownFileType = text.plist.xml; path = Info.plist; sourceTree = "<group>"; };
		8F517BD21BCDA2BD0017C70B /* ViroRendererTests.xctest */ = {isa = PBXFileReference; explicitFileType = wrapper.cfbundle; includeInIndex = 0; path = ViroRendererTests.xctest; sourceTree = BUILT_PRODUCTS_DIR; };
		8F517BD61BCDA2BE0017C70B /* ViroRendererTests.m */ = {isa = PBXFileReference; lastKnownFileType = sourcecode.c.objc; path = ViroRendererTests.m; sourceTree = "<group>"; };
		8F517BD81BCDA2BE0017C70B /* Info.plist */ = {isa = PBXFileReference; lastKnownFileType = text.plist.xml; path = Info.plist; sourceTree = "<group>"; };
		8F517BDD1BCDA2BE0017C70B /* ViroRendererUITests.xctest */ = {isa = PBXFileReference; explicitFileType = wrapper.cfbundle; includeInIndex = 0; path = ViroRendererUITests.xctest; sourceTree = BUILT_PRODUCTS_DIR; };
		8F517BE11BCDA2BE0017C70B /* ViroRendererUITests.m */ = {isa = PBXFileReference; lastKnownFileType = sourcecode.c.objc; path = ViroRendererUITests.m; sourceTree = "<group>"; };
		8F517BE31BCDA2BE0017C70B /* Info.plist */ = {isa = PBXFileReference; lastKnownFileType = text.plist.xml; path = Info.plist; sourceTree = "<group>"; };
		8F517BF01BCDBA8C0017C70B /* VROLayer.cpp */ = {isa = PBXFileReference; explicitFileType = sourcecode.cpp.objcpp; fileEncoding = 4; path = VROLayer.cpp; sourceTree = "<group>"; };
		8F517BF11BCDBA8C0017C70B /* VROLayer.h */ = {isa = PBXFileReference; explicitFileType = sourcecode.cpp.h; fileEncoding = 4; path = VROLayer.h; sourceTree = "<group>"; };
		8F517BF41BCDBF140017C70B /* Metal.framework */ = {isa = PBXFileReference; lastKnownFileType = wrapper.framework; name = Metal.framework; path = System/Library/Frameworks/Metal.framework; sourceTree = SDKROOT; };
		8F517BF51BCDBF140017C70B /* MetalKit.framework */ = {isa = PBXFileReference; lastKnownFileType = wrapper.framework; name = MetalKit.framework; path = System/Library/Frameworks/MetalKit.framework; sourceTree = SDKROOT; };
		8F517BF91BCDC8C20017C70B /* VRORenderContext.h */ = {isa = PBXFileReference; fileEncoding = 4; lastKnownFileType = sourcecode.c.h; path = VRORenderContext.h; sourceTree = "<group>"; };
		8F517BFC1BCDC9170017C70B /* VRORenderContextMetal.h */ = {isa = PBXFileReference; explicitFileType = sourcecode.cpp.h; fileEncoding = 4; path = VRORenderContextMetal.h; sourceTree = "<group>"; };
		8F517C421BCF1CBE0017C70B /* ModelIO.framework */ = {isa = PBXFileReference; lastKnownFileType = wrapper.framework; name = ModelIO.framework; path = System/Library/Frameworks/ModelIO.framework; sourceTree = SDKROOT; };
		8F517C451BD0474E0017C70B /* VROMath.cpp */ = {isa = PBXFileReference; explicitFileType = sourcecode.cpp.objcpp; fileEncoding = 4; path = VROMath.cpp; sourceTree = "<group>"; };
		8F517C461BD0474E0017C70B /* VROMath.h */ = {isa = PBXFileReference; fileEncoding = 4; lastKnownFileType = sourcecode.c.h; path = VROMath.h; sourceTree = "<group>"; };
		8F5C41371BD05286006D7A77 /* VROPoint.h */ = {isa = PBXFileReference; fileEncoding = 4; lastKnownFileType = sourcecode.c.h; path = VROPoint.h; sourceTree = "<group>"; };
		8F5C41391BD052BB006D7A77 /* VROSize.h */ = {isa = PBXFileReference; lastKnownFileType = sourcecode.c.h; path = VROSize.h; sourceTree = "<group>"; };
		8F5C413A1BD05AD1006D7A77 /* VRORect.cpp */ = {isa = PBXFileReference; fileEncoding = 4; lastKnownFileType = sourcecode.cpp.cpp; path = VRORect.cpp; sourceTree = "<group>"; };
		8F5C413C1BD56F98006D7A77 /* VROScene.cpp */ = {isa = PBXFileReference; explicitFileType = sourcecode.cpp.objcpp; fileEncoding = 4; path = VROScene.cpp; sourceTree = "<group>"; };
		8F5C413D1BD56F98006D7A77 /* VROScene.h */ = {isa = PBXFileReference; fileEncoding = 4; lastKnownFileType = sourcecode.c.h; path = VROScene.h; sourceTree = "<group>"; };
		8F5C413F1BD72707006D7A77 /* VROLayerSubstrate.cpp */ = {isa = PBXFileReference; explicitFileType = sourcecode.cpp.objcpp; fileEncoding = 4; path = VROLayerSubstrate.cpp; sourceTree = "<group>"; };
		8F5C41401BD72707006D7A77 /* VROLayerSubstrate.h */ = {isa = PBXFileReference; fileEncoding = 4; lastKnownFileType = sourcecode.c.h; path = VROLayerSubstrate.h; sourceTree = "<group>"; };
		8F5C41421BD7277F006D7A77 /* VROLayerSubstrateMetal.cpp */ = {isa = PBXFileReference; explicitFileType = sourcecode.cpp.objcpp; fileEncoding = 4; path = VROLayerSubstrateMetal.cpp; sourceTree = "<group>"; };
		8F5C41431BD7277F006D7A77 /* VROLayerSubstrateMetal.h */ = {isa = PBXFileReference; fileEncoding = 4; lastKnownFileType = sourcecode.c.h; path = VROLayerSubstrateMetal.h; sourceTree = "<group>"; };
		8F5C41451BD800F8006D7A77 /* VROPresentationLayer.cpp */ = {isa = PBXFileReference; explicitFileType = sourcecode.cpp.objcpp; fileEncoding = 4; path = VROPresentationLayer.cpp; sourceTree = "<group>"; };
		8F5C41461BD800F8006D7A77 /* VROPresentationLayer.h */ = {isa = PBXFileReference; fileEncoding = 4; lastKnownFileType = sourcecode.c.h; path = VROPresentationLayer.h; sourceTree = "<group>"; };
		8F5C414C1BD825B1006D7A77 /* VROByteBuffer.cpp */ = {isa = PBXFileReference; explicitFileType = sourcecode.cpp.objcpp; fileEncoding = 4; path = VROByteBuffer.cpp; sourceTree = "<group>"; };
		8F5C414D1BD825B1006D7A77 /* VROByteBuffer.h */ = {isa = PBXFileReference; fileEncoding = 4; lastKnownFileType = sourcecode.c.h; path = VROByteBuffer.h; sourceTree = "<group>"; };
		8F5C414F1BD8262D006D7A77 /* VROLog.cpp */ = {isa = PBXFileReference; explicitFileType = sourcecode.cpp.objcpp; fileEncoding = 4; path = VROLog.cpp; sourceTree = "<group>"; };
		8F5C41501BD8262D006D7A77 /* VROLog.h */ = {isa = PBXFileReference; fileEncoding = 4; lastKnownFileType = sourcecode.c.h; path = VROLog.h; sourceTree = "<group>"; };
		8F5C41541BD82C1B006D7A77 /* boba.png */ = {isa = PBXFileReference; lastKnownFileType = image.png; path = boba.png; sourceTree = "<group>"; };
		8F5C41561BD8300E006D7A77 /* VROImageUtil.cpp */ = {isa = PBXFileReference; explicitFileType = sourcecode.cpp.objcpp; fileEncoding = 4; path = VROImageUtil.cpp; sourceTree = "<group>"; };
		8F5C41571BD8300E006D7A77 /* VROImageUtil.h */ = {isa = PBXFileReference; fileEncoding = 4; lastKnownFileType = sourcecode.c.h; path = VROImageUtil.h; sourceTree = "<group>"; };
		8F62482A1BDAAC8E000755E5 /* ViroKit.h */ = {isa = PBXFileReference; fileEncoding = 4; lastKnownFileType = sourcecode.c.h; path = ViroKit.h; sourceTree = "<group>"; };
		8F62482D1BDAACA4000755E5 /* VROViewController.h */ = {isa = PBXFileReference; fileEncoding = 4; lastKnownFileType = sourcecode.c.h; path = VROViewController.h; sourceTree = "<group>"; };
		8F62482E1BDAACA4000755E5 /* VROViewController.mm */ = {isa = PBXFileReference; explicitFileType = sourcecode.cpp.objcpp; fileEncoding = 4; path = VROViewController.mm; sourceTree = "<group>"; };
		8F6248311BDAB44B000755E5 /* VRODevice.h */ = {isa = PBXFileReference; fileEncoding = 4; lastKnownFileType = sourcecode.c.h; path = VRODevice.h; sourceTree = "<group>"; };
		8F6248341BDAB970000755E5 /* VRODistortion.h */ = {isa = PBXFileReference; fileEncoding = 4; lastKnownFileType = sourcecode.c.h; path = VRODistortion.h; sourceTree = "<group>"; };
		8F6248371BDABB43000755E5 /* VROEye.h */ = {isa = PBXFileReference; fileEncoding = 4; lastKnownFileType = sourcecode.c.h; path = VROEye.h; sourceTree = "<group>"; };
		8F6248391BDABD81000755E5 /* VROFieldOfView.h */ = {isa = PBXFileReference; fileEncoding = 4; lastKnownFileType = sourcecode.c.h; path = VROFieldOfView.h; sourceTree = "<group>"; };
		8F62483D1BDAC069000755E5 /* VROViewport.h */ = {isa = PBXFileReference; fileEncoding = 4; lastKnownFileType = sourcecode.c.h; path = VROViewport.h; sourceTree = "<group>"; };
		8F6318681BD956AF000A75DF /* VROAnimation.cpp */ = {isa = PBXFileReference; explicitFileType = sourcecode.cpp.objcpp; fileEncoding = 4; path = VROAnimation.cpp; sourceTree = "<group>"; };
		8F6318691BD956AF000A75DF /* VROAnimation.h */ = {isa = PBXFileReference; fileEncoding = 4; lastKnownFileType = sourcecode.c.h; path = VROAnimation.h; sourceTree = "<group>"; };
		8F63186B1BD95EA6000A75DF /* VROTime.cpp */ = {isa = PBXFileReference; explicitFileType = sourcecode.cpp.objcpp; fileEncoding = 4; path = VROTime.cpp; sourceTree = "<group>"; };
		8F63186C1BD95EA6000A75DF /* VROTime.h */ = {isa = PBXFileReference; fileEncoding = 4; lastKnownFileType = sourcecode.c.h; path = VROTime.h; sourceTree = "<group>"; };
		8F7A9EA91BD0517A006CFAFD /* VRORect.h */ = {isa = PBXFileReference; fileEncoding = 4; lastKnownFileType = sourcecode.c.h; path = VRORect.h; sourceTree = "<group>"; };
		8FD4DE9C1C16432B003DC425 /* VROLight.cpp */ = {isa = PBXFileReference; explicitFileType = sourcecode.cpp.objcpp; fileEncoding = 4; path = VROLight.cpp; sourceTree = "<group>"; };
		8FD4DE9D1C16432B003DC425 /* VROLight.h */ = {isa = PBXFileReference; fileEncoding = 4; lastKnownFileType = sourcecode.c.h; path = VROLight.h; sourceTree = "<group>"; };
		8FDFA8941BDAEAB000883EC0 /* VRODistortionRenderer.cpp */ = {isa = PBXFileReference; explicitFileType = sourcecode.cpp.objcpp; fileEncoding = 4; path = VRODistortionRenderer.cpp; sourceTree = "<group>"; };
		8FDFA8951BDAEAB000883EC0 /* VRODistortionRenderer.h */ = {isa = PBXFileReference; fileEncoding = 4; lastKnownFileType = sourcecode.c.h; path = VRODistortionRenderer.h; sourceTree = "<group>"; };
		8FDFA8981BDEA19C00883EC0 /* VROHeadTracker.h */ = {isa = PBXFileReference; fileEncoding = 4; lastKnownFileType = sourcecode.c.h; path = VROHeadTracker.h; sourceTree = "<group>"; };
		8FDFA8991BDEA19C00883EC0 /* VROHeadTracker.cpp */ = {isa = PBXFileReference; explicitFileType = sourcecode.cpp.objcpp; fileEncoding = 4; path = VROHeadTracker.cpp; sourceTree = "<group>"; };
		8FDFA89A1BDEA19C00883EC0 /* VROMagnetSensor.h */ = {isa = PBXFileReference; fileEncoding = 4; lastKnownFileType = sourcecode.c.h; path = VROMagnetSensor.h; sourceTree = "<group>"; };
		8FDFA89B1BDEA19C00883EC0 /* VROMagnetSensor.cpp */ = {isa = PBXFileReference; explicitFileType = sourcecode.cpp.objcpp; fileEncoding = 4; path = VROMagnetSensor.cpp; sourceTree = "<group>"; };
		8FDFA89E1BDEA7F800883EC0 /* Matrix3x3d.h */ = {isa = PBXFileReference; fileEncoding = 4; lastKnownFileType = sourcecode.c.h; path = Matrix3x3d.h; sourceTree = "<group>"; };
		8FDFA89F1BDEA7F800883EC0 /* Matrix3x3d.mm */ = {isa = PBXFileReference; fileEncoding = 4; lastKnownFileType = sourcecode.cpp.objcpp; path = Matrix3x3d.mm; sourceTree = "<group>"; };
		8FDFA8A01BDEA7F800883EC0 /* OrientationEKF.h */ = {isa = PBXFileReference; fileEncoding = 4; lastKnownFileType = sourcecode.c.h; path = OrientationEKF.h; sourceTree = "<group>"; };
		8FDFA8A11BDEA7F800883EC0 /* OrientationEKF.mm */ = {isa = PBXFileReference; fileEncoding = 4; lastKnownFileType = sourcecode.cpp.objcpp; path = OrientationEKF.mm; sourceTree = "<group>"; };
		8FDFA8A21BDEA7F800883EC0 /* SO3Util.h */ = {isa = PBXFileReference; fileEncoding = 4; lastKnownFileType = sourcecode.c.h; path = SO3Util.h; sourceTree = "<group>"; };
		8FDFA8A31BDEA7F800883EC0 /* SO3Util.mm */ = {isa = PBXFileReference; fileEncoding = 4; lastKnownFileType = sourcecode.cpp.objcpp; path = SO3Util.mm; sourceTree = "<group>"; };
		8FDFA8A41BDEA7F800883EC0 /* Vector3d.h */ = {isa = PBXFileReference; fileEncoding = 4; lastKnownFileType = sourcecode.c.h; path = Vector3d.h; sourceTree = "<group>"; };
		8FDFA8A51BDEA7F800883EC0 /* Vector3d.mm */ = {isa = PBXFileReference; fileEncoding = 4; lastKnownFileType = sourcecode.cpp.objcpp; path = Vector3d.mm; sourceTree = "<group>"; };
		8FDFA8AA1BDEC32700883EC0 /* GLKit.framework */ = {isa = PBXFileReference; lastKnownFileType = wrapper.framework; name = GLKit.framework; path = System/Library/Frameworks/GLKit.framework; sourceTree = SDKROOT; };
		8FDFA8AC1BDEC34C00883EC0 /* CoreMotion.framework */ = {isa = PBXFileReference; lastKnownFileType = wrapper.framework; name = CoreMotion.framework; path = System/Library/Frameworks/CoreMotion.framework; sourceTree = SDKROOT; };
		8FEA6C981BE2BA7700C2CD0F /* VRODistortionMesh.cpp */ = {isa = PBXFileReference; explicitFileType = sourcecode.cpp.objcpp; fileEncoding = 4; path = VRODistortionMesh.cpp; sourceTree = "<group>"; };
		8FEA6C991BE2BA7700C2CD0F /* VRODistortionMesh.h */ = {isa = PBXFileReference; fileEncoding = 4; lastKnownFileType = sourcecode.c.h; path = VRODistortionMesh.h; sourceTree = "<group>"; };
		8FEA6C9C1BE3DC7100C2CD0F /* VRORenderTarget.h */ = {isa = PBXFileReference; fileEncoding = 4; lastKnownFileType = sourcecode.c.h; path = VRORenderTarget.h; sourceTree = "<group>"; };
		8FF4D7A71C0D45DA006D6157 /* VROMaterialSubstrateMetal.cpp */ = {isa = PBXFileReference; explicitFileType = sourcecode.cpp.objcpp; fileEncoding = 4; path = VROMaterialSubstrateMetal.cpp; sourceTree = "<group>"; };
		8FF4D7A81C0D45DA006D6157 /* VROMaterialSubstrateMetal.h */ = {isa = PBXFileReference; fileEncoding = 4; lastKnownFileType = sourcecode.c.h; path = VROMaterialSubstrateMetal.h; sourceTree = "<group>"; };
/* End PBXFileReference section */

/* Begin PBXFrameworksBuildPhase section */
		8F517BB31BCDA2BD0017C70B /* Frameworks */ = {
			isa = PBXFrameworksBuildPhase;
			buildActionMask = 2147483647;
			files = (
				8FDFA8AD1BDEC34C00883EC0 /* CoreMotion.framework in Frameworks */,
				8FDFA8AB1BDEC32700883EC0 /* GLKit.framework in Frameworks */,
				8F517C431BCF1CBE0017C70B /* ModelIO.framework in Frameworks */,
				8F517C401BCF1C320017C70B /* Metal.framework in Frameworks */,
				8F517C411BCF1C320017C70B /* MetalKit.framework in Frameworks */,
			);
			runOnlyForDeploymentPostprocessing = 0;
		};
		8F517BCF1BCDA2BD0017C70B /* Frameworks */ = {
			isa = PBXFrameworksBuildPhase;
			buildActionMask = 2147483647;
			files = (
			);
			runOnlyForDeploymentPostprocessing = 0;
		};
		8F517BDA1BCDA2BE0017C70B /* Frameworks */ = {
			isa = PBXFrameworksBuildPhase;
			buildActionMask = 2147483647;
			files = (
			);
			runOnlyForDeploymentPostprocessing = 0;
		};
/* End PBXFrameworksBuildPhase section */

/* Begin PBXGroup section */
		8F1071CE1BE81EE8003B3C3F /* UI */ = {
			isa = PBXGroup;
			children = (
				8F1071CF1BE81F10003B3C3F /* VROView.h */,
				8F1071D01BE81F10003B3C3F /* VROView.mm */,
			);
			name = UI;
			sourceTree = "<group>";
		};
		8F1071D41BF416C1003B3C3F /* Layout */ = {
			isa = PBXGroup;
			children = (
				8F1071D61BF41791003B3C3F /* VROCrossLayout.h */,
				8F1071D51BF41791003B3C3F /* VROCrossLayout.cpp */,
			);
			name = Layout;
			sourceTree = "<group>";
		};
		8F1071D81BF67EF7003B3C3F /* Renderer */ = {
			isa = PBXGroup;
			children = (
				8F4DCE441BFBF3A800061DD7 /* Shapes */,
				8F4DCE4B1BFD617200061DD7 /* Private */,
				8F5C413D1BD56F98006D7A77 /* VROScene.h */,
				8F5C413C1BD56F98006D7A77 /* VROScene.cpp */,
				8F1071DA1BF67F34003B3C3F /* VROCamera.h */,
				8F1071D91BF67F34003B3C3F /* VROCamera.cpp */,
				8F1071DD1BF6800B003B3C3F /* VRORenderer.h */,
				8F1071DC1BF6800B003B3C3F /* VRORenderer.cpp */,
				8F152A741C0F424900A211F8 /* VRORendererMetal.h */,
				8F152A731C0F424900A211F8 /* VRORendererMetal.cpp */,
				8F1071E01BF6A0C8003B3C3F /* VROObject.h */,
				8F1071DF1BF6A0C8003B3C3F /* VROObject.cpp */,
				8F4DCE2C1BF9261600061DD7 /* VRONode.h */,
				8F4DCE2B1BF9261600061DD7 /* VRONode.cpp */,
				8F4DCE301BFBAA8B00061DD7 /* VROGeometry.h */,
				8F4DCE2F1BFBAA8B00061DD7 /* VROGeometry.cpp */,
				8F4DCE3C1BFBE54200061DD7 /* VROGeometryElement.h */,
				8F4DCE3B1BFBE54200061DD7 /* VROGeometryElement.cpp */,
				8F4DCE3F1BFBE97600061DD7 /* VROGeometrySource.h */,
				8F4DCE3E1BFBE97600061DD7 /* VROGeometrySource.cpp */,
				8F4DCE331BFBCB5400061DD7 /* VROMaterial.h */,
				8F4DCE321BFBCB5400061DD7 /* VROMaterial.cpp */,
				8F4DCE391BFBD19B00061DD7 /* VROMaterialVisual.h */,
				8F4DCE381BFBD19B00061DD7 /* VROMaterialVisual.cpp */,
				8F4DCE361BFBCB8200061DD7 /* VROTexture.h */,
				8F4DCE351BFBCB8200061DD7 /* VROTexture.cpp */,
				8FD4DE9D1C16432B003DC425 /* VROLight.h */,
				8FD4DE9C1C16432B003DC425 /* VROLight.cpp */,
			);
			name = Renderer;
			sourceTree = "<group>";
		};
		8F152A811C121A3D00A211F8 /* Metal */ = {
			isa = PBXGroup;
			children = (
				8F152A711C0D7A5A00A211F8 /* VROMetalUtils.h */,
				8F152A701C0D7A5A00A211F8 /* VROMetalUtils.cpp */,
				8F4DCE501BFD628A00061DD7 /* VROGeometrySubstrateMetal.h */,
				8F4DCE4F1BFD628A00061DD7 /* VROGeometrySubstrateMetal.cpp */,
				8FF4D7A81C0D45DA006D6157 /* VROMaterialSubstrateMetal.h */,
				8FF4D7A71C0D45DA006D6157 /* VROMaterialSubstrateMetal.cpp */,
				8F152A831C121A5500A211F8 /* VROTextureSubstrateMetal.h */,
				8F152A821C121A5500A211F8 /* VROTextureSubstrateMetal.cpp */,
			);
			name = Metal;
			sourceTree = "<group>";
		};
		8F4DCE441BFBF3A800061DD7 /* Shapes */ = {
			isa = PBXGroup;
			children = (
				8F152A771C10D36700A211F8 /* VROBox.h */,
				8F152A761C10D36700A211F8 /* VROBox.cpp */,
				8F152A7A1C10D4AE00A211F8 /* VROShapeUtils.h */,
				8F152A791C10D4AE00A211F8 /* VROShapeUtils.cpp */,
			);
			name = Shapes;
			sourceTree = "<group>";
		};
		8F4DCE4B1BFD617200061DD7 /* Private */ = {
			isa = PBXGroup;
			children = (
				8F152A811C121A3D00A211F8 /* Metal */,
				8F4DCE4D1BFD625900061DD7 /* VROGeometrySubstrate.h */,
				8F4DCE4C1BFD625900061DD7 /* VROGeometrySubstrate.cpp */,
				8F152A7F1C121A0E00A211F8 /* VROTextureSubstrate.h */,
				8F152A7E1C121A0E00A211F8 /* VROTextureSubstrate.cpp */,
			);
			name = Private;
			sourceTree = "<group>";
		};
		8F517BAD1BCDA2BD0017C70B = {
			isa = PBXGroup;
			children = (
				8FDFA8AC1BDEC34C00883EC0 /* CoreMotion.framework */,
				8FDFA8AA1BDEC32700883EC0 /* GLKit.framework */,
				8F517C421BCF1CBE0017C70B /* ModelIO.framework */,
				8F517BF41BCDBF140017C70B /* Metal.framework */,
				8F517BF51BCDBF140017C70B /* MetalKit.framework */,
				8F517BB81BCDA2BD0017C70B /* ViroRenderer */,
				8F517BD51BCDA2BD0017C70B /* ViroRendererTests */,
				8F517BE01BCDA2BE0017C70B /* ViroRendererUITests */,
				8F517BB71BCDA2BD0017C70B /* Products */,
			);
			sourceTree = "<group>";
		};
		8F517BB71BCDA2BD0017C70B /* Products */ = {
			isa = PBXGroup;
			children = (
				8F517BB61BCDA2BD0017C70B /* ViroRenderer.app */,
				8F517BD21BCDA2BD0017C70B /* ViroRendererTests.xctest */,
				8F517BDD1BCDA2BE0017C70B /* ViroRendererUITests.xctest */,
			);
			name = Products;
			sourceTree = "<group>";
		};
		8F517BB81BCDA2BD0017C70B /* ViroRenderer */ = {
			isa = PBXGroup;
			children = (
				8F6248291BDAAC62000755E5 /* SDK */,
				8F5C414B1BD825A9006D7A77 /* Util */,
				8F517C441BD0472C0017C70B /* Math */,
				8F1071D81BF67EF7003B3C3F /* Renderer */,
				8FDFA8971BDB031800883EC0 /* Sensors */,
				8F517BF31BCDBBA80017C70B /* VR Distortion */,
				8F517BEF1BCDBA570017C70B /* Layer */,
				8F1071D41BF416C1003B3C3F /* Layout */,
				8F1071CE1BE81EE8003B3C3F /* UI */,
				8F517BBC1BCDA2BD0017C70B /* AppDelegate.h */,
				8F517BBD1BCDA2BD0017C70B /* AppDelegate.m */,
				8F517BBF1BCDA2BD0017C70B /* GameViewController.h */,
				8F517BC01BCDA2BD0017C70B /* GameViewController.m */,
				8F517BC21BCDA2BD0017C70B /* Shaders.metal */,
				8F517BC41BCDA2BD0017C70B /* SharedStructures.h */,
				8F517BC51BCDA2BD0017C70B /* Main.storyboard */,
				8F517BC81BCDA2BD0017C70B /* Assets.xcassets */,
				8F517BCA1BCDA2BD0017C70B /* LaunchScreen.storyboard */,
				8F517BCD1BCDA2BD0017C70B /* Info.plist */,
				8F517BB91BCDA2BD0017C70B /* Supporting Files */,
			);
			path = ViroRenderer;
			sourceTree = "<group>";
		};
		8F517BB91BCDA2BD0017C70B /* Supporting Files */ = {
			isa = PBXGroup;
			children = (
				8F152A7C1C11351D00A211F8 /* blank.png */,
				8F1071D21BF40FAF003B3C3F /* momentslogo.png */,
				8F5C41541BD82C1B006D7A77 /* boba.png */,
				8F517BBA1BCDA2BD0017C70B /* main.m */,
			);
			name = "Supporting Files";
			sourceTree = "<group>";
		};
		8F517BD51BCDA2BD0017C70B /* ViroRendererTests */ = {
			isa = PBXGroup;
			children = (
				8F517BD61BCDA2BE0017C70B /* ViroRendererTests.m */,
				8F517BD81BCDA2BE0017C70B /* Info.plist */,
			);
			path = ViroRendererTests;
			sourceTree = "<group>";
		};
		8F517BE01BCDA2BE0017C70B /* ViroRendererUITests */ = {
			isa = PBXGroup;
			children = (
				8F517BE11BCDA2BE0017C70B /* ViroRendererUITests.m */,
				8F517BE31BCDA2BE0017C70B /* Info.plist */,
			);
			path = ViroRendererUITests;
			sourceTree = "<group>";
		};
		8F517BEF1BCDBA570017C70B /* Layer */ = {
			isa = PBXGroup;
			children = (
				8F517BF11BCDBA8C0017C70B /* VROLayer.h */,
				8F517BF01BCDBA8C0017C70B /* VROLayer.cpp */,
				8F5C41461BD800F8006D7A77 /* VROPresentationLayer.h */,
				8F5C41451BD800F8006D7A77 /* VROPresentationLayer.cpp */,
				8F7A9EA91BD0517A006CFAFD /* VRORect.h */,
				8F5C413A1BD05AD1006D7A77 /* VRORect.cpp */,
				8F5C41371BD05286006D7A77 /* VROPoint.h */,
				8F5C41391BD052BB006D7A77 /* VROSize.h */,
				8F5C41401BD72707006D7A77 /* VROLayerSubstrate.h */,
				8F5C413F1BD72707006D7A77 /* VROLayerSubstrate.cpp */,
				8F5C41431BD7277F006D7A77 /* VROLayerSubstrateMetal.h */,
				8F5C41421BD7277F006D7A77 /* VROLayerSubstrateMetal.cpp */,
				8F6318691BD956AF000A75DF /* VROAnimation.h */,
				8F6318681BD956AF000A75DF /* VROAnimation.cpp */,
			);
			name = Layer;
			sourceTree = "<group>";
		};
		8F517BF31BCDBBA80017C70B /* VR Distortion */ = {
			isa = PBXGroup;
			children = (
				8F6248341BDAB970000755E5 /* VRODistortion.h */,
				8FDFA8951BDAEAB000883EC0 /* VRODistortionRenderer.h */,
				8FDFA8941BDAEAB000883EC0 /* VRODistortionRenderer.cpp */,
				8FEA6C991BE2BA7700C2CD0F /* VRODistortionMesh.h */,
				8FEA6C981BE2BA7700C2CD0F /* VRODistortionMesh.cpp */,
				8F6248371BDABB43000755E5 /* VROEye.h */,
				8F6248391BDABD81000755E5 /* VROFieldOfView.h */,
				8F62483D1BDAC069000755E5 /* VROViewport.h */,
				8F6248311BDAB44B000755E5 /* VRODevice.h */,
				8F4C9FFF1BDAE06A00177B8F /* VROScreen.h */,
				8F4CA0011BDAE10C00177B8F /* VROScreen.cpp */,
				8FEA6C9C1BE3DC7100C2CD0F /* VRORenderTarget.h */,
				8F517BF91BCDC8C20017C70B /* VRORenderContext.h */,
				8F517BFC1BCDC9170017C70B /* VRORenderContextMetal.h */,
			);
			name = "VR Distortion";
			sourceTree = "<group>";
		};
		8F517C441BD0472C0017C70B /* Math */ = {
			isa = PBXGroup;
			children = (
				8F4DCE2E1BFA8D5D00061DD7 /* VROQuaternion.h */,
				8F4DCE201BF7EAF900061DD7 /* VROPlane.h */,
				8F4DCE1F1BF7EAF900061DD7 /* VROPlane.cpp */,
				8F4DCE291BF8318100061DD7 /* VROFrustum.h */,
				8F4DCE281BF8318100061DD7 /* VROFrustum.cpp */,
				8F4DCE231BF7ECC800061DD7 /* VROFrustumPlane.h */,
				8F4DCE221BF7ECC800061DD7 /* VROFrustumPlane.cpp */,
				8F4DCE261BF7ED1A00061DD7 /* VROBoundingBox.h */,
				8F4DCE251BF7ED1A00061DD7 /* VROBoundingBox.cpp */,
				8F1071E61BF7D9C5003B3C3F /* VROVector3d.h */,
				8F1071E51BF7D9C5003B3C3F /* VROVector3d.cpp */,
				8F1071E81BF7D9C5003B3C3F /* VROVector3f.h */,
				8F1071E71BF7D9C5003B3C3F /* VROVector3f.cpp */,
				8F152A6E1C0D77AA00A211F8 /* VROVector4f.h */,
				8F152A6D1C0D77AA00A211F8 /* VROVector4f.cpp */,
				8F1071ED1BF7DECD003B3C3F /* VROMatrix4d.h */,
				8F1071EC1BF7DECD003B3C3F /* VROMatrix4d.cpp */,
				8F1071EF1BF7DECD003B3C3F /* VROMatrix4f.h */,
				8F1071EE1BF7DECD003B3C3F /* VROMatrix4f.cpp */,
				8F517C461BD0474E0017C70B /* VROMath.h */,
				8F517C451BD0474E0017C70B /* VROMath.cpp */,
			);
			name = Math;
			sourceTree = "<group>";
		};
		8F5C414B1BD825A9006D7A77 /* Util */ = {
			isa = PBXGroup;
			children = (
				8F63186C1BD95EA6000A75DF /* VROTime.h */,
				8F63186B1BD95EA6000A75DF /* VROTime.cpp */,
				8F5C41501BD8262D006D7A77 /* VROLog.h */,
				8F5C414F1BD8262D006D7A77 /* VROLog.cpp */,
				8F5C414D1BD825B1006D7A77 /* VROByteBuffer.h */,
				8F5C414C1BD825B1006D7A77 /* VROByteBuffer.cpp */,
				8F5C41571BD8300E006D7A77 /* VROImageUtil.h */,
				8F5C41561BD8300E006D7A77 /* VROImageUtil.cpp */,
				8F4DCE421BFBECC400061DD7 /* VROData.h */,
				8F4DCE411BFBECC400061DD7 /* VROData.cpp */,
			);
			name = Util;
			sourceTree = "<group>";
		};
		8F6248291BDAAC62000755E5 /* SDK */ = {
			isa = PBXGroup;
			children = (
				8F62482A1BDAAC8E000755E5 /* ViroKit.h */,
				8F62482D1BDAACA4000755E5 /* VROViewController.h */,
				8F62482E1BDAACA4000755E5 /* VROViewController.mm */,
			);
			name = SDK;
			sourceTree = "<group>";
		};
		8FDFA8971BDB031800883EC0 /* Sensors */ = {
			isa = PBXGroup;
			children = (
				8FDFA89E1BDEA7F800883EC0 /* Matrix3x3d.h */,
				8FDFA89F1BDEA7F800883EC0 /* Matrix3x3d.mm */,
				8FDFA8A01BDEA7F800883EC0 /* OrientationEKF.h */,
				8FDFA8A11BDEA7F800883EC0 /* OrientationEKF.mm */,
				8FDFA8A21BDEA7F800883EC0 /* SO3Util.h */,
				8FDFA8A31BDEA7F800883EC0 /* SO3Util.mm */,
				8FDFA8A41BDEA7F800883EC0 /* Vector3d.h */,
				8FDFA8A51BDEA7F800883EC0 /* Vector3d.mm */,
				8FDFA8981BDEA19C00883EC0 /* VROHeadTracker.h */,
				8FDFA8991BDEA19C00883EC0 /* VROHeadTracker.cpp */,
				8FDFA89A1BDEA19C00883EC0 /* VROMagnetSensor.h */,
				8FDFA89B1BDEA19C00883EC0 /* VROMagnetSensor.cpp */,
			);
			name = Sensors;
			sourceTree = "<group>";
		};
/* End PBXGroup section */

/* Begin PBXNativeTarget section */
		8F517BB51BCDA2BD0017C70B /* ViroRenderer */ = {
			isa = PBXNativeTarget;
			buildConfigurationList = 8F517BE61BCDA2BE0017C70B /* Build configuration list for PBXNativeTarget "ViroRenderer" */;
			buildPhases = (
				8F517BB21BCDA2BD0017C70B /* Sources */,
				8F517BB31BCDA2BD0017C70B /* Frameworks */,
				8F517BB41BCDA2BD0017C70B /* Resources */,
			);
			buildRules = (
			);
			dependencies = (
			);
			name = ViroRenderer;
			productName = ViroRenderer;
			productReference = 8F517BB61BCDA2BD0017C70B /* ViroRenderer.app */;
			productType = "com.apple.product-type.application";
		};
		8F517BD11BCDA2BD0017C70B /* ViroRendererTests */ = {
			isa = PBXNativeTarget;
			buildConfigurationList = 8F517BE91BCDA2BE0017C70B /* Build configuration list for PBXNativeTarget "ViroRendererTests" */;
			buildPhases = (
				8F517BCE1BCDA2BD0017C70B /* Sources */,
				8F517BCF1BCDA2BD0017C70B /* Frameworks */,
				8F517BD01BCDA2BD0017C70B /* Resources */,
			);
			buildRules = (
			);
			dependencies = (
				8F517BD41BCDA2BD0017C70B /* PBXTargetDependency */,
			);
			name = ViroRendererTests;
			productName = ViroRendererTests;
			productReference = 8F517BD21BCDA2BD0017C70B /* ViroRendererTests.xctest */;
			productType = "com.apple.product-type.bundle.unit-test";
		};
		8F517BDC1BCDA2BE0017C70B /* ViroRendererUITests */ = {
			isa = PBXNativeTarget;
			buildConfigurationList = 8F517BEC1BCDA2BE0017C70B /* Build configuration list for PBXNativeTarget "ViroRendererUITests" */;
			buildPhases = (
				8F517BD91BCDA2BE0017C70B /* Sources */,
				8F517BDA1BCDA2BE0017C70B /* Frameworks */,
				8F517BDB1BCDA2BE0017C70B /* Resources */,
			);
			buildRules = (
			);
			dependencies = (
				8F517BDF1BCDA2BE0017C70B /* PBXTargetDependency */,
			);
			name = ViroRendererUITests;
			productName = ViroRendererUITests;
			productReference = 8F517BDD1BCDA2BE0017C70B /* ViroRendererUITests.xctest */;
			productType = "com.apple.product-type.bundle.ui-testing";
		};
/* End PBXNativeTarget section */

/* Begin PBXProject section */
		8F517BAE1BCDA2BD0017C70B /* Project object */ = {
			isa = PBXProject;
			attributes = {
				LastUpgradeCheck = 0700;
				ORGANIZATIONNAME = "Viro Media";
				TargetAttributes = {
					8F517BB51BCDA2BD0017C70B = {
						CreatedOnToolsVersion = 7.0.1;
					};
					8F517BD11BCDA2BD0017C70B = {
						CreatedOnToolsVersion = 7.0.1;
						TestTargetID = 8F517BB51BCDA2BD0017C70B;
					};
					8F517BDC1BCDA2BE0017C70B = {
						CreatedOnToolsVersion = 7.0.1;
						TestTargetID = 8F517BB51BCDA2BD0017C70B;
					};
				};
			};
			buildConfigurationList = 8F517BB11BCDA2BD0017C70B /* Build configuration list for PBXProject "ViroRenderer" */;
			compatibilityVersion = "Xcode 3.2";
			developmentRegion = English;
			hasScannedForEncodings = 0;
			knownRegions = (
				en,
				Base,
			);
			mainGroup = 8F517BAD1BCDA2BD0017C70B;
			productRefGroup = 8F517BB71BCDA2BD0017C70B /* Products */;
			projectDirPath = "";
			projectRoot = "";
			targets = (
				8F517BB51BCDA2BD0017C70B /* ViroRenderer */,
				8F517BD11BCDA2BD0017C70B /* ViroRendererTests */,
				8F517BDC1BCDA2BE0017C70B /* ViroRendererUITests */,
			);
		};
/* End PBXProject section */

/* Begin PBXResourcesBuildPhase section */
		8F517BB41BCDA2BD0017C70B /* Resources */ = {
			isa = PBXResourcesBuildPhase;
			buildActionMask = 2147483647;
			files = (
				8F1071D31BF40FAF003B3C3F /* momentslogo.png in Resources */,
				8F517BCC1BCDA2BD0017C70B /* LaunchScreen.storyboard in Resources */,
				8F152A7D1C11351D00A211F8 /* blank.png in Resources */,
				8F517BC91BCDA2BD0017C70B /* Assets.xcassets in Resources */,
				8F517BC71BCDA2BD0017C70B /* Main.storyboard in Resources */,
				8F5C41551BD82C1B006D7A77 /* boba.png in Resources */,
			);
			runOnlyForDeploymentPostprocessing = 0;
		};
		8F517BD01BCDA2BD0017C70B /* Resources */ = {
			isa = PBXResourcesBuildPhase;
			buildActionMask = 2147483647;
			files = (
			);
			runOnlyForDeploymentPostprocessing = 0;
		};
		8F517BDB1BCDA2BE0017C70B /* Resources */ = {
			isa = PBXResourcesBuildPhase;
			buildActionMask = 2147483647;
			files = (
			);
			runOnlyForDeploymentPostprocessing = 0;
		};
/* End PBXResourcesBuildPhase section */

/* Begin PBXSourcesBuildPhase section */
		8F517BB21BCDA2BD0017C70B /* Sources */ = {
			isa = PBXSourcesBuildPhase;
			buildActionMask = 2147483647;
			files = (
				8F4DCE4E1BFD625900061DD7 /* VROGeometrySubstrate.cpp in Sources */,
				8F4DCE2A1BF8318100061DD7 /* VROFrustum.cpp in Sources */,
				8FDFA8A91BDEA7F800883EC0 /* Vector3d.mm in Sources */,
				8F152A841C121A5600A211F8 /* VROTextureSubstrateMetal.cpp in Sources */,
				8F5C414E1BD825B1006D7A77 /* VROByteBuffer.cpp in Sources */,
				8F5C41471BD800F8006D7A77 /* VROPresentationLayer.cpp in Sources */,
				8F4DCE2D1BF9261600061DD7 /* VRONode.cpp in Sources */,
				8F5C413B1BD05AD1006D7A77 /* VRORect.cpp in Sources */,
				8FEA6C9A1BE2BA7700C2CD0F /* VRODistortionMesh.cpp in Sources */,
				8F1071F01BF7DECD003B3C3F /* VROMatrix4d.cpp in Sources */,
				8F152A801C121A0E00A211F8 /* VROTextureSubstrate.cpp in Sources */,
				8F5C41581BD8300E006D7A77 /* VROImageUtil.cpp in Sources */,
				8F4DCE311BFBAA8B00061DD7 /* VROGeometry.cpp in Sources */,
				8F152A721C0D7A5A00A211F8 /* VROMetalUtils.cpp in Sources */,
				8F5C413E1BD56F98006D7A77 /* VROScene.cpp in Sources */,
				8F4DCE401BFBE97600061DD7 /* VROGeometrySource.cpp in Sources */,
				8F517BC31BCDA2BD0017C70B /* Shaders.metal in Sources */,
				8F4DCE431BFBECC400061DD7 /* VROData.cpp in Sources */,
				8F4DCE341BFBCB5400061DD7 /* VROMaterial.cpp in Sources */,
				8F1071DE1BF6800B003B3C3F /* VRORenderer.cpp in Sources */,
				8F4CA0021BDAE10C00177B8F /* VROScreen.cpp in Sources */,
				8F1071EA1BF7D9C5003B3C3F /* VROVector3d.cpp in Sources */,
				8FDFA8A71BDEA7F800883EC0 /* OrientationEKF.mm in Sources */,
				8F152A7B1C10D4AE00A211F8 /* VROShapeUtils.cpp in Sources */,
				8F517BBE1BCDA2BD0017C70B /* AppDelegate.m in Sources */,
				8F4DCE211BF7EAF900061DD7 /* VROPlane.cpp in Sources */,
				8F1071E11BF6A0C8003B3C3F /* VROObject.cpp in Sources */,
				8F4DCE271BF7ED1A00061DD7 /* VROBoundingBox.cpp in Sources */,
				8F1071D71BF41791003B3C3F /* VROCrossLayout.cpp in Sources */,
				8F63186D1BD95EA6000A75DF /* VROTime.cpp in Sources */,
				8FDFA89D1BDEA19C00883EC0 /* VROMagnetSensor.cpp in Sources */,
				8F62483B1BDABD81000755E5 /* VROFieldOfView.h in Sources */,
				8F1071D11BE81F10003B3C3F /* VROView.mm in Sources */,
				8F63186A1BD956AF000A75DF /* VROAnimation.cpp in Sources */,
				8F4DCE371BFBCB8200061DD7 /* VROTexture.cpp in Sources */,
				8F4DCE3A1BFBD19B00061DD7 /* VROMaterialVisual.cpp in Sources */,
				8F517BC11BCDA2BD0017C70B /* GameViewController.m in Sources */,
				8F4DCE241BF7ECC800061DD7 /* VROFrustumPlane.cpp in Sources */,
				8F517BF21BCDBA8C0017C70B /* VROLayer.cpp in Sources */,
				8FF4D7A91C0D45DA006D6157 /* VROMaterialSubstrateMetal.cpp in Sources */,
				8F5C41411BD72707006D7A77 /* VROLayerSubstrate.cpp in Sources */,
				8F5C41511BD8262D006D7A77 /* VROLog.cpp in Sources */,
				8F517BBB1BCDA2BD0017C70B /* main.m in Sources */,
				8F1071DB1BF67F34003B3C3F /* VROCamera.cpp in Sources */,
				8F62482F1BDAACA4000755E5 /* VROViewController.mm in Sources */,
				8FDFA89C1BDEA19C00883EC0 /* VROHeadTracker.cpp in Sources */,
				8FDFA8A81BDEA7F800883EC0 /* SO3Util.mm in Sources */,
				8F1071F11BF7DECD003B3C3F /* VROMatrix4f.cpp in Sources */,
				8F4DCE511BFD628A00061DD7 /* VROGeometrySubstrateMetal.cpp in Sources */,
				8F4DCE3D1BFBE54200061DD7 /* VROGeometryElement.cpp in Sources */,
				8F152A751C0F424900A211F8 /* VRORendererMetal.cpp in Sources */,
				8F152A6F1C0D77AA00A211F8 /* VROVector4f.cpp in Sources */,
				8F1071EB1BF7D9C5003B3C3F /* VROVector3f.cpp in Sources */,
				8F152A781C10D36700A211F8 /* VROBox.cpp in Sources */,
				8FD4DE9E1C16432B003DC425 /* VROLight.cpp in Sources */,
				8FDFA8A61BDEA7F800883EC0 /* Matrix3x3d.mm in Sources */,
				8F5C41441BD7277F006D7A77 /* VROLayerSubstrateMetal.cpp in Sources */,
				8F517C471BD0474E0017C70B /* VROMath.cpp in Sources */,
				8FDFA8961BDAEAB000883EC0 /* VRODistortionRenderer.cpp in Sources */,
			);
			runOnlyForDeploymentPostprocessing = 0;
		};
		8F517BCE1BCDA2BD0017C70B /* Sources */ = {
			isa = PBXSourcesBuildPhase;
			buildActionMask = 2147483647;
			files = (
				8F517BD71BCDA2BE0017C70B /* ViroRendererTests.m in Sources */,
			);
			runOnlyForDeploymentPostprocessing = 0;
		};
		8F517BD91BCDA2BE0017C70B /* Sources */ = {
			isa = PBXSourcesBuildPhase;
			buildActionMask = 2147483647;
			files = (
				8F517BE21BCDA2BE0017C70B /* ViroRendererUITests.m in Sources */,
			);
			runOnlyForDeploymentPostprocessing = 0;
		};
/* End PBXSourcesBuildPhase section */

/* Begin PBXTargetDependency section */
		8F517BD41BCDA2BD0017C70B /* PBXTargetDependency */ = {
			isa = PBXTargetDependency;
			target = 8F517BB51BCDA2BD0017C70B /* ViroRenderer */;
			targetProxy = 8F517BD31BCDA2BD0017C70B /* PBXContainerItemProxy */;
		};
		8F517BDF1BCDA2BE0017C70B /* PBXTargetDependency */ = {
			isa = PBXTargetDependency;
			target = 8F517BB51BCDA2BD0017C70B /* ViroRenderer */;
			targetProxy = 8F517BDE1BCDA2BE0017C70B /* PBXContainerItemProxy */;
		};
/* End PBXTargetDependency section */

/* Begin PBXVariantGroup section */
		8F517BC51BCDA2BD0017C70B /* Main.storyboard */ = {
			isa = PBXVariantGroup;
			children = (
				8F517BC61BCDA2BD0017C70B /* Base */,
			);
			name = Main.storyboard;
			sourceTree = "<group>";
		};
		8F517BCA1BCDA2BD0017C70B /* LaunchScreen.storyboard */ = {
			isa = PBXVariantGroup;
			children = (
				8F517BCB1BCDA2BD0017C70B /* Base */,
			);
			name = LaunchScreen.storyboard;
			sourceTree = "<group>";
		};
/* End PBXVariantGroup section */

/* Begin XCBuildConfiguration section */
		8F517BE41BCDA2BE0017C70B /* Debug */ = {
			isa = XCBuildConfiguration;
			buildSettings = {
				ALWAYS_SEARCH_USER_PATHS = NO;
				CLANG_CXX_LANGUAGE_STANDARD = "gnu++0x";
				CLANG_CXX_LIBRARY = "libc++";
				CLANG_ENABLE_MODULES = YES;
				CLANG_ENABLE_OBJC_ARC = YES;
				CLANG_WARN_BOOL_CONVERSION = YES;
				CLANG_WARN_CONSTANT_CONVERSION = YES;
				CLANG_WARN_DIRECT_OBJC_ISA_USAGE = YES_ERROR;
				CLANG_WARN_EMPTY_BODY = YES;
				CLANG_WARN_ENUM_CONVERSION = YES;
				CLANG_WARN_INT_CONVERSION = YES;
				CLANG_WARN_OBJC_ROOT_CLASS = YES_ERROR;
				CLANG_WARN_UNREACHABLE_CODE = YES;
				CLANG_WARN__DUPLICATE_METHOD_MATCH = YES;
				"CODE_SIGN_IDENTITY[sdk=iphoneos*]" = "iPhone Developer";
				COPY_PHASE_STRIP = NO;
				DEBUG_INFORMATION_FORMAT = "dwarf-with-dsym";
				ENABLE_STRICT_OBJC_MSGSEND = YES;
				ENABLE_TESTABILITY = YES;
				GCC_C_LANGUAGE_STANDARD = gnu99;
				GCC_DYNAMIC_NO_PIC = NO;
				GCC_NO_COMMON_BLOCKS = YES;
				GCC_OPTIMIZATION_LEVEL = 0;
				GCC_PREPROCESSOR_DEFINITIONS = (
					"DEBUG=1",
					"$(inherited)",
				);
				GCC_WARN_64_TO_32_BIT_CONVERSION = YES;
				GCC_WARN_ABOUT_RETURN_TYPE = YES_ERROR;
				GCC_WARN_UNDECLARED_SELECTOR = YES;
				GCC_WARN_UNINITIALIZED_AUTOS = YES_AGGRESSIVE;
				GCC_WARN_UNUSED_FUNCTION = YES;
				GCC_WARN_UNUSED_VARIABLE = YES;
				IPHONEOS_DEPLOYMENT_TARGET = 9.0;
				MTL_ENABLE_DEBUG_INFO = YES;
				ONLY_ACTIVE_ARCH = YES;
				OTHER_CFLAGS = "-ferror-limit=50";
				SDKROOT = iphoneos;
				TARGETED_DEVICE_FAMILY = "1,2";
			};
			name = Debug;
		};
		8F517BE51BCDA2BE0017C70B /* Release */ = {
			isa = XCBuildConfiguration;
			buildSettings = {
				ALWAYS_SEARCH_USER_PATHS = NO;
				CLANG_CXX_LANGUAGE_STANDARD = "gnu++0x";
				CLANG_CXX_LIBRARY = "libc++";
				CLANG_ENABLE_MODULES = YES;
				CLANG_ENABLE_OBJC_ARC = YES;
				CLANG_WARN_BOOL_CONVERSION = YES;
				CLANG_WARN_CONSTANT_CONVERSION = YES;
				CLANG_WARN_DIRECT_OBJC_ISA_USAGE = YES_ERROR;
				CLANG_WARN_EMPTY_BODY = YES;
				CLANG_WARN_ENUM_CONVERSION = YES;
				CLANG_WARN_INT_CONVERSION = YES;
				CLANG_WARN_OBJC_ROOT_CLASS = YES_ERROR;
				CLANG_WARN_UNREACHABLE_CODE = YES;
				CLANG_WARN__DUPLICATE_METHOD_MATCH = YES;
				"CODE_SIGN_IDENTITY[sdk=iphoneos*]" = "iPhone Developer";
				COPY_PHASE_STRIP = NO;
				DEBUG_INFORMATION_FORMAT = "dwarf-with-dsym";
				ENABLE_NS_ASSERTIONS = NO;
				ENABLE_STRICT_OBJC_MSGSEND = YES;
				GCC_C_LANGUAGE_STANDARD = gnu99;
				GCC_NO_COMMON_BLOCKS = YES;
				GCC_WARN_64_TO_32_BIT_CONVERSION = YES;
				GCC_WARN_ABOUT_RETURN_TYPE = YES_ERROR;
				GCC_WARN_UNDECLARED_SELECTOR = YES;
				GCC_WARN_UNINITIALIZED_AUTOS = YES_AGGRESSIVE;
				GCC_WARN_UNUSED_FUNCTION = YES;
				GCC_WARN_UNUSED_VARIABLE = YES;
				IPHONEOS_DEPLOYMENT_TARGET = 9.0;
				MTL_ENABLE_DEBUG_INFO = NO;
				OTHER_CFLAGS = "-ferror-limit=50";
				SDKROOT = iphoneos;
				TARGETED_DEVICE_FAMILY = "1,2";
				VALIDATE_PRODUCT = YES;
			};
			name = Release;
		};
		8F517BE71BCDA2BE0017C70B /* Debug */ = {
			isa = XCBuildConfiguration;
			buildSettings = {
				ASSETCATALOG_COMPILER_APPICON_NAME = AppIcon;
				INFOPLIST_FILE = ViroRenderer/Info.plist;
				LD_RUNPATH_SEARCH_PATHS = "$(inherited) @executable_path/Frameworks";
				PRODUCT_BUNDLE_IDENTIFIER = com.viro.ViroRenderer;
				PRODUCT_NAME = "$(TARGET_NAME)";
			};
			name = Debug;
		};
		8F517BE81BCDA2BE0017C70B /* Release */ = {
			isa = XCBuildConfiguration;
			buildSettings = {
				ASSETCATALOG_COMPILER_APPICON_NAME = AppIcon;
				INFOPLIST_FILE = ViroRenderer/Info.plist;
				LD_RUNPATH_SEARCH_PATHS = "$(inherited) @executable_path/Frameworks";
				PRODUCT_BUNDLE_IDENTIFIER = com.viro.ViroRenderer;
				PRODUCT_NAME = "$(TARGET_NAME)";
			};
			name = Release;
		};
		8F517BEA1BCDA2BE0017C70B /* Debug */ = {
			isa = XCBuildConfiguration;
			buildSettings = {
				BUNDLE_LOADER = "$(TEST_HOST)";
				DEBUG_INFORMATION_FORMAT = dwarf;
				INFOPLIST_FILE = ViroRendererTests/Info.plist;
				LD_RUNPATH_SEARCH_PATHS = "$(inherited) @executable_path/Frameworks @loader_path/Frameworks";
				PRODUCT_BUNDLE_IDENTIFIER = com.viro.ViroRendererTests;
				PRODUCT_NAME = "$(TARGET_NAME)";
				TEST_HOST = "$(BUILT_PRODUCTS_DIR)/ViroRenderer.app/ViroRenderer";
			};
			name = Debug;
		};
		8F517BEB1BCDA2BE0017C70B /* Release */ = {
			isa = XCBuildConfiguration;
			buildSettings = {
				BUNDLE_LOADER = "$(TEST_HOST)";
				INFOPLIST_FILE = ViroRendererTests/Info.plist;
				LD_RUNPATH_SEARCH_PATHS = "$(inherited) @executable_path/Frameworks @loader_path/Frameworks";
				PRODUCT_BUNDLE_IDENTIFIER = com.viro.ViroRendererTests;
				PRODUCT_NAME = "$(TARGET_NAME)";
				TEST_HOST = "$(BUILT_PRODUCTS_DIR)/ViroRenderer.app/ViroRenderer";
			};
			name = Release;
		};
		8F517BED1BCDA2BE0017C70B /* Debug */ = {
			isa = XCBuildConfiguration;
			buildSettings = {
				DEBUG_INFORMATION_FORMAT = dwarf;
				INFOPLIST_FILE = ViroRendererUITests/Info.plist;
				LD_RUNPATH_SEARCH_PATHS = "$(inherited) @executable_path/Frameworks @loader_path/Frameworks";
				PRODUCT_BUNDLE_IDENTIFIER = com.viro.ViroRendererUITests;
				PRODUCT_NAME = "$(TARGET_NAME)";
				TEST_TARGET_NAME = ViroRenderer;
				USES_XCTRUNNER = YES;
			};
			name = Debug;
		};
		8F517BEE1BCDA2BE0017C70B /* Release */ = {
			isa = XCBuildConfiguration;
			buildSettings = {
				INFOPLIST_FILE = ViroRendererUITests/Info.plist;
				LD_RUNPATH_SEARCH_PATHS = "$(inherited) @executable_path/Frameworks @loader_path/Frameworks";
				PRODUCT_BUNDLE_IDENTIFIER = com.viro.ViroRendererUITests;
				PRODUCT_NAME = "$(TARGET_NAME)";
				TEST_TARGET_NAME = ViroRenderer;
				USES_XCTRUNNER = YES;
			};
			name = Release;
		};
/* End XCBuildConfiguration section */

/* Begin XCConfigurationList section */
		8F517BB11BCDA2BD0017C70B /* Build configuration list for PBXProject "ViroRenderer" */ = {
			isa = XCConfigurationList;
			buildConfigurations = (
				8F517BE41BCDA2BE0017C70B /* Debug */,
				8F517BE51BCDA2BE0017C70B /* Release */,
			);
			defaultConfigurationIsVisible = 0;
			defaultConfigurationName = Release;
		};
		8F517BE61BCDA2BE0017C70B /* Build configuration list for PBXNativeTarget "ViroRenderer" */ = {
			isa = XCConfigurationList;
			buildConfigurations = (
				8F517BE71BCDA2BE0017C70B /* Debug */,
				8F517BE81BCDA2BE0017C70B /* Release */,
			);
			defaultConfigurationIsVisible = 0;
			defaultConfigurationName = Release;
		};
		8F517BE91BCDA2BE0017C70B /* Build configuration list for PBXNativeTarget "ViroRendererTests" */ = {
			isa = XCConfigurationList;
			buildConfigurations = (
				8F517BEA1BCDA2BE0017C70B /* Debug */,
				8F517BEB1BCDA2BE0017C70B /* Release */,
			);
			defaultConfigurationIsVisible = 0;
			defaultConfigurationName = Release;
		};
		8F517BEC1BCDA2BE0017C70B /* Build configuration list for PBXNativeTarget "ViroRendererUITests" */ = {
			isa = XCConfigurationList;
			buildConfigurations = (
				8F517BED1BCDA2BE0017C70B /* Debug */,
				8F517BEE1BCDA2BE0017C70B /* Release */,
			);
			defaultConfigurationIsVisible = 0;
			defaultConfigurationName = Release;
		};
/* End XCConfigurationList section */
	};
	rootObject = 8F517BAE1BCDA2BD0017C70B /* Project object */;
}
